<?xml version="1.0" encoding="utf-8"?>
<Project ToolsVersion="4.0" xmlns="http://schemas.microsoft.com/developer/msbuild/2003">
  <ItemGroup>
    <Filter Include="Archivos de origen">
      <UniqueIdentifier>{4FC737F1-C7A5-4376-A066-2A32D752A2FF}</UniqueIdentifier>
      <Extensions>cpp;c;cc;cxx;def;odl;idl;hpj;bat;asm;asmx</Extensions>
    </Filter>
    <Filter Include="Archivos de encabezado">
      <UniqueIdentifier>{93995380-89BD-4b04-88EB-625FBE52EBFB}</UniqueIdentifier>
      <Extensions>h;hh;hpp;hxx;hm;inl;inc;xsd</Extensions>
    </Filter>
    <Filter Include="Archivos de recursos">
      <UniqueIdentifier>{67DA6AB6-F800-4c08-8B7A-83BB121AAD01}</UniqueIdentifier>
      <Extensions>rc;ico;cur;bmp;dlg;rc2;rct;bin;rgs;gif;jpg;jpeg;jpe;resx;tiff;tif;png;wav;mfcribbon-ms</Extensions>
    </Filter>
    <Filter Include="Archivos de encabezado\API">
      <UniqueIdentifier>{17088756-6c6e-4d39-9f32-ed2d60186443}</UniqueIdentifier>
    </Filter>
    <Filter Include="Archivos de origen\API">
      <UniqueIdentifier>{908f771a-63bc-4c65-bab5-b0d60096bc4b}</UniqueIdentifier>
    </Filter>
  </ItemGroup>
  <ItemGroup>
    <ClInclude Include="Include\dr_sound_prerequisites.h">
      <Filter>Archivos de encabezado</Filter>
    </ClInclude>
    <ClInclude Include="Include\dr_sound_defines.h">
      <Filter>Archivos de encabezado</Filter>
    </ClInclude>
    <ClInclude Include="Include\dr_fmod_sound.h">
      <Filter>Archivos de encabezado\API</Filter>
    </ClInclude>
    <ClInclude Include="Include\dr_fmod_soundSystem.h">
      <Filter>Archivos de encabezado\API</Filter>
    </ClInclude>
    <ClInclude Include="Include\dr_soundSystem.h">
      <Filter>Archivos de encabezado</Filter>
    </ClInclude>
    <ClInclude Include="Include\dr_sound.h">
      <Filter>Archivos de encabezado</Filter>
    </ClInclude>
    <ClInclude Include="Include\dr_channelGroup.h">
      <Filter>Archivos de encabezado</Filter>
    </ClInclude>
    <ClInclude Include="Include\dr_fmod_channelGroup.h">
      <Filter>Archivos de encabezado\API</Filter>
    </ClInclude>
    <ClInclude Include="Include\dr_channel.h">
      <Filter>Archivos de encabezado</Filter>
    </ClInclude>
    <ClInclude Include="Include\dr_fmod_channel.h">
      <Filter>Archivos de encabezado\API</Filter>
    </ClInclude>
    <ClInclude Include="Include\dr_fmod_createSoundExInfo.h">
      <Filter>Archivos de encabezado\API</Filter>
    </ClInclude>
    <ClInclude Include="Include\dr_createSoundExInfo.h">
      <Filter>Archivos de encabezado</Filter>
    </ClInclude>
    <ClInclude Include="Include\dr_fmod_sound_api.h">
      <Filter>Archivos de encabezado\API</Filter>
    </ClInclude>
    <ClInclude Include="Include\dr_sound_api.h">
      <Filter>Archivos de encabezado\API</Filter>
    </ClInclude>
    <ClInclude Include="Include\dr_soundExtraInfo.h">
      <Filter>Archivos de encabezado</Filter>
    </ClInclude>
    <ClInclude Include="Include\dr_reverb3d.h">
      <Filter>Archivos de encabezado</Filter>
    </ClInclude>
    <ClInclude Include="Include\dr_fmod_reverb3d.h">
      <Filter>Archivos de encabezado\API</Filter>
    </ClInclude>
  </ItemGroup>
  <ItemGroup>
    <ClCompile Include="Source\dr_soundSystem.cpp">
      <Filter>Archivos de origen</Filter>
    </ClCompile>
    <ClCompile Include="Source\dr_fmod_sound.cpp">
      <Filter>Archivos de origen\API</Filter>
    </ClCompile>
    <ClCompile Include="Source\dr_fmod_soundSystem.cpp">
      <Filter>Archivos de origen\API</Filter>
    </ClCompile>
    <ClCompile Include="Source\dr_fmod_channelGroup.cpp">
      <Filter>Archivos de origen\API</Filter>
    </ClCompile>
    <ClCompile Include="Source\dr_fmod_channel.cpp">
      <Filter>Archivos de origen\API</Filter>
    </ClCompile>
    <ClCompile Include="Source\dr_fmod_createSoundExInfo.cpp">
      <Filter>Archivos de origen\API</Filter>
    </ClCompile>
    <ClCompile Include="Source\dr_fmod_sound_api.cpp">
      <Filter>Archivos de origen\API</Filter>
    </ClCompile>
    <ClCompile Include="Source\dr_fmod_reverb3d.cpp">
      <Filter>Archivos de origen\API</Filter>
    </ClCompile>
  </ItemGroup>
</Project>