<?xml version="1.0" encoding="utf-8"?>
<Project ToolsVersion="4.0" xmlns="http://schemas.microsoft.com/developer/msbuild/2003">
  <ItemGroup>
    <Filter Include="Archivos de código fuente">
      <UniqueIdentifier>{4FC737F1-C7A5-4376-A066-2A32D752A2FF}</UniqueIdentifier>
      <Extensions>cpp;c;cc;cxx;def;odl;idl;hpj;bat;asm;asmx</Extensions>
    </Filter>
    <Filter Include="Archivos de encabezado">
      <UniqueIdentifier>{93995380-89BD-4b04-88EB-625FBE52EBFB}</UniqueIdentifier>
      <Extensions>h;hh;hpp;hxx;hm;inl;inc;xsd</Extensions>
    </Filter>
    <Filter Include="Archivos de recursos">
      <UniqueIdentifier>{67DA6AB6-F800-4c08-8B7A-83BB121AAD01}</UniqueIdentifier>
      <Extensions>rc;ico;cur;bmp;dlg;rc2;rct;bin;rgs;gif;jpg;jpeg;jpe;resx;tiff;tif;png;wav;mfcribbon-ms</Extensions>
    </Filter>
    <Filter Include="Archivos de encabezado\DirectX11">
      <UniqueIdentifier>{e2da3621-2fc1-45c4-b91a-82e7caa1cd66}</UniqueIdentifier>
    </Filter>
    <Filter Include="Archivos de encabezado\DirectX11\Shaders">
      <UniqueIdentifier>{535595aa-54cc-450f-a52c-0ab914390146}</UniqueIdentifier>
    </Filter>
    <Filter Include="Archivos de encabezado\DirectX11\Buffers">
      <UniqueIdentifier>{8b64a59c-7b96-48fb-832c-9adaad03cef0}</UniqueIdentifier>
    </Filter>
    <Filter Include="Archivos de encabezado\Base">
      <UniqueIdentifier>{fca4abd8-d698-4071-bc5b-d31b2238a60f}</UniqueIdentifier>
    </Filter>
    <Filter Include="Archivos de encabezado\Base\Buffers">
      <UniqueIdentifier>{7cc4aa39-9196-41de-84ce-0efafed8d1a3}</UniqueIdentifier>
    </Filter>
    <Filter Include="Archivos de encabezado\Base\Shaders">
      <UniqueIdentifier>{7738ea8e-32a5-45bd-acce-e06e35d2606a}</UniqueIdentifier>
    </Filter>
    <Filter Include="Archivos de código fuente\DirectX11">
      <UniqueIdentifier>{22480fe4-0bba-4158-b10b-0d1dcf66f202}</UniqueIdentifier>
    </Filter>
    <Filter Include="Archivos de código fuente\DirectX11\Shaders">
      <UniqueIdentifier>{dea35022-ad20-469f-b639-e2a9e20bb18e}</UniqueIdentifier>
    </Filter>
    <Filter Include="Archivos de código fuente\DirectX11\Buffers">
      <UniqueIdentifier>{652451d2-f024-4164-bc20-44eb289c0a99}</UniqueIdentifier>
    </Filter>
    <Filter Include="Archivos de encabezado\Base\Textures">
      <UniqueIdentifier>{b4d28edc-0d57-42e4-8baf-95d1b281e669}</UniqueIdentifier>
    </Filter>
    <Filter Include="Archivos de código fuente\DirectX11\Textures">
      <UniqueIdentifier>{fa79f33a-45f0-4b64-a1aa-a32e6a006773}</UniqueIdentifier>
    </Filter>
    <Filter Include="Archivos de encabezado\DirectX11\Textures">
      <UniqueIdentifier>{eb41d4c2-213b-41c9-a45a-f78dd647414e}</UniqueIdentifier>
    </Filter>
  </ItemGroup>
  <ItemGroup>
    <ClInclude Include="Include\dr_shader.h">
      <Filter>Archivos de encabezado\Base\Shaders</Filter>
    </ClInclude>
    <ClInclude Include="Include\dr_buffer.h">
      <Filter>Archivos de encabezado\Base\Buffers</Filter>
    </ClInclude>
    <ClInclude Include="Include\dr_command_buffer.h">
      <Filter>Archivos de encabezado\Base\Buffers</Filter>
    </ClInclude>
    <ClInclude Include="Include\dr_constant_buffer.h">
      <Filter>Archivos de encabezado\Base\Buffers</Filter>
    </ClInclude>
    <ClInclude Include="Include\dr_index_buffer.h">
      <Filter>Archivos de encabezado\Base\Buffers</Filter>
    </ClInclude>
    <ClInclude Include="Include\dr_d3d_index_buffer.h">
      <Filter>Archivos de encabezado\DirectX11\Buffers</Filter>
    </ClInclude>
    <ClInclude Include="Include\dr_d3d_hull_shader.h">
      <Filter>Archivos de encabezado\DirectX11\Shaders</Filter>
    </ClInclude>
    <ClInclude Include="Include\dr_d3d_fragment_shader.h">
      <Filter>Archivos de encabezado\DirectX11\Shaders</Filter>
    </ClInclude>
    <ClInclude Include="Include\dr_d3d_vertex_shader.h">
      <Filter>Archivos de encabezado\DirectX11\Shaders</Filter>
    </ClInclude>
    <ClInclude Include="Include\dr_d3d_device_context.h">
      <Filter>Archivos de encabezado\DirectX11</Filter>
    </ClInclude>
    <ClInclude Include="Include\dr_d3d_device.h">
      <Filter>Archivos de encabezado\DirectX11</Filter>
    </ClInclude>
    <ClInclude Include="Include\dr_device.h">
      <Filter>Archivos de encabezado\Base</Filter>
    </ClInclude>
    <ClInclude Include="Include\dr_device_context.h">
      <Filter>Archivos de encabezado\Base</Filter>
    </ClInclude>
    <ClInclude Include="Include\dr_graphics_defines.h">
      <Filter>Archivos de encabezado\Base</Filter>
    </ClInclude>
    <ClInclude Include="Include\dr_input_layout.h">
      <Filter>Archivos de encabezado\Base</Filter>
    </ClInclude>
    <ClInclude Include="Include\dr_rasterizer_state.h">
      <Filter>Archivos de encabezado\Base</Filter>
    </ClInclude>
    <ClInclude Include="Include\dr_sample_state.h">
      <Filter>Archivos de encabezado\Base</Filter>
    </ClInclude>
    <ClInclude Include="Include\dr_swap_chain.h">
      <Filter>Archivos de encabezado\Base</Filter>
    </ClInclude>
    <ClInclude Include="Include\dr_d3d_compute_shader.h">
      <Filter>Archivos de encabezado\DirectX11\Shaders</Filter>
    </ClInclude>
    <ClInclude Include="Include\dr_d3d_domain_shader.h">
      <Filter>Archivos de encabezado\DirectX11\Shaders</Filter>
    </ClInclude>
    <ClInclude Include="Include\dr_d3d_geometry_shader.h">
      <Filter>Archivos de encabezado\DirectX11\Shaders</Filter>
    </ClInclude>
    <ClInclude Include="Include\dr_texture.h">
      <Filter>Archivos de encabezado\Base\Textures</Filter>
    </ClInclude>
    <ClInclude Include="Include\dr_render_target.h">
      <Filter>Archivos de encabezado\Base\Textures</Filter>
    </ClInclude>
    <ClInclude Include="Include\dr_depth_stencil.h">
      <Filter>Archivos de encabezado\Base\Textures</Filter>
    </ClInclude>
    <ClInclude Include="Include\dr_depth_stencil_state.h">
      <Filter>Archivos de encabezado\Base</Filter>
    </ClInclude>
    <ClInclude Include="Include\dr_d3d_texture.h">
      <Filter>Archivos de encabezado\DirectX11\Textures</Filter>
    </ClInclude>
    <ClInclude Include="Include\dr_d3d_render_target.h">
      <Filter>Archivos de encabezado\DirectX11\Textures</Filter>
    </ClInclude>
    <ClInclude Include="Include\dr_d3d_depth_stencil.h">
      <Filter>Archivos de encabezado\DirectX11\Textures</Filter>
    </ClInclude>
    <ClInclude Include="Include\dr_d3d_swap_chain.h">
      <Filter>Archivos de encabezado\DirectX11</Filter>
    </ClInclude>
    <ClInclude Include="Include\dr_d3d_sample_state.h">
      <Filter>Archivos de encabezado\DirectX11</Filter>
    </ClInclude>
    <ClInclude Include="Include\dr_d3d_input_layout.h">
      <Filter>Archivos de encabezado\DirectX11</Filter>
    </ClInclude>
    <ClInclude Include="Include\dr_d3d_depth_stencil_state.h">
      <Filter>Archivos de encabezado\DirectX11</Filter>
    </ClInclude>
    <ClInclude Include="Include\dr_d3d_rasterizer_state.h">
      <Filter>Archivos de encabezado\DirectX11</Filter>
    </ClInclude>
    <ClInclude Include="Include\dr_d3d_vertex_buffer.h">
      <Filter>Archivos de encabezado\DirectX11\Buffers</Filter>
    </ClInclude>
    <ClInclude Include="Include\dr_vertex_buffer.h">
      <Filter>Archivos de encabezado\Base\Buffers</Filter>
    </ClInclude>
    <ClInclude Include="Include\dr_d3d_constant_buffer.h">
      <Filter>Archivos de encabezado\DirectX11\Buffers</Filter>
    </ClInclude>
    <ClInclude Include="Include\dr_compiled_shader_container.h">
      <Filter>Archivos de encabezado\Base\Shaders</Filter>
    </ClInclude>
    <ClInclude Include="Include\dr_graphics_api.h">
      <Filter>Archivos de encabezado\Base</Filter>
    </ClInclude>
    <ClInclude Include="Include\dr_d3d_graphics_api.h">
      <Filter>Archivos de encabezado\DirectX11</Filter>
    </ClInclude>
    <ClInclude Include="Include\dr_graphics_prerequisites.h">
      <Filter>Archivos de encabezado</Filter>
    </ClInclude>
    <ClInclude Include="Include\dr_d3d_shader.h">
      <Filter>Archivos de encabezado\DirectX11\Shaders</Filter>
    </ClInclude>
  </ItemGroup>
  <ItemGroup>
    <ClCompile Include="Source\dr_d3d_constant_buffer.cpp">
      <Filter>Archivos de código fuente\DirectX11\Buffers</Filter>
    </ClCompile>
    <ClCompile Include="Source\dr_d3d_index_buffer.cpp">
      <Filter>Archivos de código fuente\DirectX11\Buffers</Filter>
    </ClCompile>
    <ClCompile Include="Source\dr_d3d_fragment_shader.cpp">
      <Filter>Archivos de código fuente\DirectX11\Shaders</Filter>
    </ClCompile>
    <ClCompile Include="Source\dr_d3d_hull_shader.cpp">
      <Filter>Archivos de código fuente\DirectX11\Shaders</Filter>
    </ClCompile>
    <ClCompile Include="Source\dr_d3d_vertex_shader.cpp">
      <Filter>Archivos de código fuente\DirectX11\Shaders</Filter>
    </ClCompile>
    <ClCompile Include="Source\dr_d3d_compute_shader.cpp">
      <Filter>Archivos de código fuente\DirectX11\Shaders</Filter>
    </ClCompile>
    <ClCompile Include="Source\dr_d3d_domain_shader.cpp">
      <Filter>Archivos de código fuente\DirectX11\Shaders</Filter>
    </ClCompile>
    <ClCompile Include="Source\dr_d3d_geometry_shader.cpp">
      <Filter>Archivos de código fuente\DirectX11\Shaders</Filter>
    </ClCompile>
    <ClCompile Include="Source\dr_d3d_device_context.cpp">
      <Filter>Archivos de código fuente\DirectX11</Filter>
    </ClCompile>
    <ClCompile Include="Source\dr_d3d_texture.cpp">
      <Filter>Archivos de código fuente\DirectX11\Textures</Filter>
    </ClCompile>
    <ClCompile Include="Source\dr_d3d_render_target.cpp">
      <Filter>Archivos de código fuente\DirectX11\Textures</Filter>
    </ClCompile>
    <ClCompile Include="Source\dr_d3d_depth_stencil.cpp">
      <Filter>Archivos de código fuente\DirectX11\Textures</Filter>
    </ClCompile>
    <ClCompile Include="Source\dr_d3d_input_layout.cpp">
      <Filter>Archivos de código fuente\DirectX11</Filter>
    </ClCompile>
    <ClCompile Include="Source\dr_d3d_rasterizer_state.cpp">
      <Filter>Archivos de código fuente\DirectX11</Filter>
    </ClCompile>
    <ClCompile Include="Source\dr_d3d_device.cpp">
      <Filter>Archivos de código fuente\DirectX11</Filter>
    </ClCompile>
    <ClCompile Include="Source\dr_d3d_sample_state.cpp">
      <Filter>Archivos de código fuente\DirectX11</Filter>
    </ClCompile>
    <ClCompile Include="Source\dr_d3d_vertex_buffer.cpp">
      <Filter>Archivos de código fuente\DirectX11\Buffers</Filter>
    </ClCompile>
    <ClCompile Include="Source\dr_d3d_swap_chain.cpp">
      <Filter>Archivos de código fuente\DirectX11</Filter>
    </ClCompile>
    <ClCompile Include="Source\dr_d3d_depth_stencil_state.cpp">
      <Filter>Archivos de código fuente\DirectX11</Filter>
    </ClCompile>
    <ClCompile Include="Source\dr_d3d_graphics_api.cpp">
      <Filter>Archivos de código fuente\DirectX11</Filter>
    </ClCompile>
    <ClCompile Include="Source\dr_d3d_shader.cpp">
      <Filter>Archivos de código fuente\DirectX11\Shaders</Filter>
    </ClCompile>
  </ItemGroup>
</Project>