
Microsoft Visual Studio Solution File, Format Version 12.00
# Visual Studio 15
VisualStudioVersion = 15.0.26730.12
MinimumVisualStudioVersion = 10.0.40219.1
Project("{8BC9CEB8-8B4A-11D0-8D11-00A0C91BC942}") = "Utils", "Utils\Utils.vcxproj", "{96C93CF8-BB4C-4D60-8C5D-3F439477662D}"
EndProject
Project("{8BC9CEB8-8B4A-11D0-8D11-00A0C91BC942}") = "Math", "Math\Math.vcxproj", "{4C420F92-670E-4FFF-8EF6-B8F33B482386}"
	ProjectSection(ProjectDependencies) = postProject
		{96C93CF8-BB4C-4D60-8C5D-3F439477662D} = {96C93CF8-BB4C-4D60-8C5D-3F439477662D}
	EndProjectSection
EndProject
Project("{8BC9CEB8-8B4A-11D0-8D11-00A0C91BC942}") = "Engine", "Engine\Engine.vcxproj", "{AB89A20F-171B-40CD-A7E8-84F4C35BECDC}"
	ProjectSection(ProjectDependencies) = postProject
		{31C98D18-B491-49A8-A35B-60AC016FDB71} = {31C98D18-B491-49A8-A35B-60AC016FDB71}
		{F8F1F829-3D8A-4DA6-B38A-B1A67F81EB49} = {F8F1F829-3D8A-4DA6-B38A-B1A67F81EB49}
		{4C420F92-670E-4FFF-8EF6-B8F33B482386} = {4C420F92-670E-4FFF-8EF6-B8F33B482386}
		{96C93CF8-BB4C-4D60-8C5D-3F439477662D} = {96C93CF8-BB4C-4D60-8C5D-3F439477662D}
		{2C6134FF-9270-4CD2-BD4E-254C5888942A} = {2C6134FF-9270-4CD2-BD4E-254C5888942A}
	EndProjectSection
EndProject
Project("{8BC9CEB8-8B4A-11D0-8D11-00A0C91BC942}") = "Graphics", "Graphics\Graphics.vcxproj", "{2C6134FF-9270-4CD2-BD4E-254C5888942A}"
	ProjectSection(ProjectDependencies) = postProject
		{4C420F92-670E-4FFF-8EF6-B8F33B482386} = {4C420F92-670E-4FFF-8EF6-B8F33B482386}
		{96C93CF8-BB4C-4D60-8C5D-3F439477662D} = {96C93CF8-BB4C-4D60-8C5D-3F439477662D}
	EndProjectSection
EndProject
Project("{8BC9CEB8-8B4A-11D0-8D11-00A0C91BC942}") = "MathUnitTest", "MathUnitTest\UnitTestMath.vcxproj", "{EC9E791F-9375-4F43-9592-0BE28E642E13}"
	ProjectSection(ProjectDependencies) = postProject
		{4C420F92-670E-4FFF-8EF6-B8F33B482386} = {4C420F92-670E-4FFF-8EF6-B8F33B482386}
	EndProjectSection
EndProject
Project("{8BC9CEB8-8B4A-11D0-8D11-00A0C91BC942}") = "EngineUnitTest", "EngineUnitTest\UnitTestEngine.vcxproj", "{4216D5A9-F009-4330-B3C5-262FBD6570F5}"
	ProjectSection(ProjectDependencies) = postProject
		{AB89A20F-171B-40CD-A7E8-84F4C35BECDC} = {AB89A20F-171B-40CD-A7E8-84F4C35BECDC}
		{4C420F92-670E-4FFF-8EF6-B8F33B482386} = {4C420F92-670E-4FFF-8EF6-B8F33B482386}
		{96C93CF8-BB4C-4D60-8C5D-3F439477662D} = {96C93CF8-BB4C-4D60-8C5D-3F439477662D}
		{2C6134FF-9270-4CD2-BD4E-254C5888942A} = {2C6134FF-9270-4CD2-BD4E-254C5888942A}
	EndProjectSection
EndProject
Project("{8BC9CEB8-8B4A-11D0-8D11-00A0C91BC942}") = "CoreUnitTest", "CoreUnitTest\CoreUnitTest.vcxproj", "{725824F8-CF52-4987-8A88-2DABE1B078E1}"
	ProjectSection(ProjectDependencies) = postProject
		{F8F1F829-3D8A-4DA6-B38A-B1A67F81EB49} = {F8F1F829-3D8A-4DA6-B38A-B1A67F81EB49}
		{96C93CF8-BB4C-4D60-8C5D-3F439477662D} = {96C93CF8-BB4C-4D60-8C5D-3F439477662D}
	EndProjectSection
EndProject
Project("{8BC9CEB8-8B4A-11D0-8D11-00A0C91BC942}") = "GraphicsTestApplication", "GraphicsTestApplication\GraphicsTestApplication.vcxproj", "{5FA5BD82-85B5-48A1-A55F-43995C38DBF1}"
	ProjectSection(ProjectDependencies) = postProject
		{AB89A20F-171B-40CD-A7E8-84F4C35BECDC} = {AB89A20F-171B-40CD-A7E8-84F4C35BECDC}
		{31C98D18-B491-49A8-A35B-60AC016FDB71} = {31C98D18-B491-49A8-A35B-60AC016FDB71}
		{FC99DF27-AF8B-40FD-8CFC-5A93A21B9425} = {FC99DF27-AF8B-40FD-8CFC-5A93A21B9425}
		{F8F1F829-3D8A-4DA6-B38A-B1A67F81EB49} = {F8F1F829-3D8A-4DA6-B38A-B1A67F81EB49}
		{4C420F92-670E-4FFF-8EF6-B8F33B482386} = {4C420F92-670E-4FFF-8EF6-B8F33B482386}
		{96C93CF8-BB4C-4D60-8C5D-3F439477662D} = {96C93CF8-BB4C-4D60-8C5D-3F439477662D}
		{2C6134FF-9270-4CD2-BD4E-254C5888942A} = {2C6134FF-9270-4CD2-BD4E-254C5888942A}
	EndProjectSection
EndProject
Project("{8BC9CEB8-8B4A-11D0-8D11-00A0C91BC942}") = "UtilsUnitTest", "UtilsUnitTest\UtilsUnitTest.vcxproj", "{3FDA0ACE-779A-43FA-92E5-85173044AB6D}"
	ProjectSection(ProjectDependencies) = postProject
		{96C93CF8-BB4C-4D60-8C5D-3F439477662D} = {96C93CF8-BB4C-4D60-8C5D-3F439477662D}
	EndProjectSection
EndProject
Project("{8BC9CEB8-8B4A-11D0-8D11-00A0C91BC942}") = "Sound", "Sound\Sound.vcxproj", "{F8F1F829-3D8A-4DA6-B38A-B1A67F81EB49}"
	ProjectSection(ProjectDependencies) = postProject
		{4C420F92-670E-4FFF-8EF6-B8F33B482386} = {4C420F92-670E-4FFF-8EF6-B8F33B482386}
		{96C93CF8-BB4C-4D60-8C5D-3F439477662D} = {96C93CF8-BB4C-4D60-8C5D-3F439477662D}
	EndProjectSection
EndProject
Project("{8BC9CEB8-8B4A-11D0-8D11-00A0C91BC942}") = "SoundUnitTest", "SoundUnitTest\SoundUnitTest.vcxproj", "{C1D6ED45-C172-48F7-B7E4-DBC803AAB2CD}"
	ProjectSection(ProjectDependencies) = postProject
		{96C93CF8-BB4C-4D60-8C5D-3F439477662D} = {96C93CF8-BB4C-4D60-8C5D-3F439477662D}
	EndProjectSection
EndProject
Project("{8BC9CEB8-8B4A-11D0-8D11-00A0C91BC942}") = "Input", "Input\Input.vcxproj", "{FC99DF27-AF8B-40FD-8CFC-5A93A21B9425}"
	ProjectSection(ProjectDependencies) = postProject
		{4C420F92-670E-4FFF-8EF6-B8F33B482386} = {4C420F92-670E-4FFF-8EF6-B8F33B482386}
		{96C93CF8-BB4C-4D60-8C5D-3F439477662D} = {96C93CF8-BB4C-4D60-8C5D-3F439477662D}
	EndProjectSection
EndProject
Project("{8BC9CEB8-8B4A-11D0-8D11-00A0C91BC942}") = "RenderManager", "RenderManager\RenderManager.vcxproj", "{B7A07E65-EAED-42A5-B50D-652D8E70DC55}"
	ProjectSection(ProjectDependencies) = postProject
		{AB89A20F-171B-40CD-A7E8-84F4C35BECDC} = {AB89A20F-171B-40CD-A7E8-84F4C35BECDC}
		{31C98D18-B491-49A8-A35B-60AC016FDB71} = {31C98D18-B491-49A8-A35B-60AC016FDB71}
		{57D304CE-E01C-47BB-9720-B90BE468C0CE} = {57D304CE-E01C-47BB-9720-B90BE468C0CE}
		{96C93CF8-BB4C-4D60-8C5D-3F439477662D} = {96C93CF8-BB4C-4D60-8C5D-3F439477662D}
		{2C6134FF-9270-4CD2-BD4E-254C5888942A} = {2C6134FF-9270-4CD2-BD4E-254C5888942A}
	EndProjectSection
EndProject
Project("{8BC9CEB8-8B4A-11D0-8D11-00A0C91BC942}") = "InputUnitTest", "InputUnitTest\InputUnitTest.vcxproj", "{710BA809-55E5-4D1E-BD57-5543E36C236D}"
	ProjectSection(ProjectDependencies) = postProject
		{FC99DF27-AF8B-40FD-8CFC-5A93A21B9425} = {FC99DF27-AF8B-40FD-8CFC-5A93A21B9425}
	EndProjectSection
EndProject
Project("{8BC9CEB8-8B4A-11D0-8D11-00A0C91BC942}") = "Script", "Script\Script.vcxproj", "{029D6857-C353-4AAC-B466-3AFAA591CA81}"
	ProjectSection(ProjectDependencies) = postProject
		{96C93CF8-BB4C-4D60-8C5D-3F439477662D} = {96C93CF8-BB4C-4D60-8C5D-3F439477662D}
	EndProjectSection
EndProject
Project("{8BC9CEB8-8B4A-11D0-8D11-00A0C91BC942}") = "ScriptUnitTest", "ScriptUnitTest\ScriptUnitTest.vcxproj", "{E831247F-FD59-44EC-911A-1F64C0937FE8}"
EndProject
Project("{8BC9CEB8-8B4A-11D0-8D11-00A0C91BC942}") = "Core", "Core\Core.vcxproj", "{31C98D18-B491-49A8-A35B-60AC016FDB71}"
	ProjectSection(ProjectDependencies) = postProject
		{FC99DF27-AF8B-40FD-8CFC-5A93A21B9425} = {FC99DF27-AF8B-40FD-8CFC-5A93A21B9425}
		{F8F1F829-3D8A-4DA6-B38A-B1A67F81EB49} = {F8F1F829-3D8A-4DA6-B38A-B1A67F81EB49}
		{029D6857-C353-4AAC-B466-3AFAA591CA81} = {029D6857-C353-4AAC-B466-3AFAA591CA81}
		{4C420F92-670E-4FFF-8EF6-B8F33B482386} = {4C420F92-670E-4FFF-8EF6-B8F33B482386}
		{96C93CF8-BB4C-4D60-8C5D-3F439477662D} = {96C93CF8-BB4C-4D60-8C5D-3F439477662D}
		{2C6134FF-9270-4CD2-BD4E-254C5888942A} = {2C6134FF-9270-4CD2-BD4E-254C5888942A}
	EndProjectSection
EndProject
Project("{8BC9CEB8-8B4A-11D0-8D11-00A0C91BC942}") = "DriderUI", "DriderUI\DriderUI.vcxproj", "{74D30EE4-1A33-4EFF-B7C4-10C42048DE98}"
	ProjectSection(ProjectDependencies) = postProject
		{AB89A20F-171B-40CD-A7E8-84F4C35BECDC} = {AB89A20F-171B-40CD-A7E8-84F4C35BECDC}
		{31C98D18-B491-49A8-A35B-60AC016FDB71} = {31C98D18-B491-49A8-A35B-60AC016FDB71}
		{FC99DF27-AF8B-40FD-8CFC-5A93A21B9425} = {FC99DF27-AF8B-40FD-8CFC-5A93A21B9425}
		{B7A07E65-EAED-42A5-B50D-652D8E70DC55} = {B7A07E65-EAED-42A5-B50D-652D8E70DC55}
		{6F664792-3F1D-4D35-A088-CEBD1D01213C} = {6F664792-3F1D-4D35-A088-CEBD1D01213C}
		{96C93CF8-BB4C-4D60-8C5D-3F439477662D} = {96C93CF8-BB4C-4D60-8C5D-3F439477662D}
		{2C6134FF-9270-4CD2-BD4E-254C5888942A} = {2C6134FF-9270-4CD2-BD4E-254C5888942A}
	EndProjectSection
EndProject
Project("{8BC9CEB8-8B4A-11D0-8D11-00A0C91BC942}") = "DriderUIUnitTest", "DriderUIUnitTest\DriderUIUnitTest.vcxproj", "{4471363E-D99D-4AFD-8F2E-7D987F2AD8B6}"
	ProjectSection(ProjectDependencies) = postProject
		{AB89A20F-171B-40CD-A7E8-84F4C35BECDC} = {AB89A20F-171B-40CD-A7E8-84F4C35BECDC}
		{31C98D18-B491-49A8-A35B-60AC016FDB71} = {31C98D18-B491-49A8-A35B-60AC016FDB71}
		{FC99DF27-AF8B-40FD-8CFC-5A93A21B9425} = {FC99DF27-AF8B-40FD-8CFC-5A93A21B9425}
		{B7A07E65-EAED-42A5-B50D-652D8E70DC55} = {B7A07E65-EAED-42A5-B50D-652D8E70DC55}
		{4C420F92-670E-4FFF-8EF6-B8F33B482386} = {4C420F92-670E-4FFF-8EF6-B8F33B482386}
		{57D304CE-E01C-47BB-9720-B90BE468C0CE} = {57D304CE-E01C-47BB-9720-B90BE468C0CE}
		{74D30EE4-1A33-4EFF-B7C4-10C42048DE98} = {74D30EE4-1A33-4EFF-B7C4-10C42048DE98}
		{96C93CF8-BB4C-4D60-8C5D-3F439477662D} = {96C93CF8-BB4C-4D60-8C5D-3F439477662D}
		{2C6134FF-9270-4CD2-BD4E-254C5888942A} = {2C6134FF-9270-4CD2-BD4E-254C5888942A}
	EndProjectSection
EndProject
Project("{8BC9CEB8-8B4A-11D0-8D11-00A0C91BC942}") = "GraphicsUtils", "GraphicsUtils\GraphicsUtils.vcxproj", "{6F664792-3F1D-4D35-A088-CEBD1D01213C}"
EndProject
Project("{8BC9CEB8-8B4A-11D0-8D11-00A0C91BC942}") = "TestScriptApp", "TestScriptApp\TestScriptApp.vcxproj", "{E48F3E62-CA33-4794-A329-BAB262BC992E}"
	ProjectSection(ProjectDependencies) = postProject
		{AB89A20F-171B-40CD-A7E8-84F4C35BECDC} = {AB89A20F-171B-40CD-A7E8-84F4C35BECDC}
		{31C98D18-B491-49A8-A35B-60AC016FDB71} = {31C98D18-B491-49A8-A35B-60AC016FDB71}
		{029D6857-C353-4AAC-B466-3AFAA591CA81} = {029D6857-C353-4AAC-B466-3AFAA591CA81}
		{4C420F92-670E-4FFF-8EF6-B8F33B482386} = {4C420F92-670E-4FFF-8EF6-B8F33B482386}
		{96C93CF8-BB4C-4D60-8C5D-3F439477662D} = {96C93CF8-BB4C-4D60-8C5D-3F439477662D}
	EndProjectSection
EndProject
Project("{8BC9CEB8-8B4A-11D0-8D11-00A0C91BC942}") = "RenderManagerTestApplication", "RenderManagerTestApplication\RenderManagerTestApplication.vcxproj", "{AB0C4CB5-7448-47E7-8CA0-0F3DDB17BDE5}"
	ProjectSection(ProjectDependencies) = postProject
		{AB89A20F-171B-40CD-A7E8-84F4C35BECDC} = {AB89A20F-171B-40CD-A7E8-84F4C35BECDC}
		{31C98D18-B491-49A8-A35B-60AC016FDB71} = {31C98D18-B491-49A8-A35B-60AC016FDB71}
		{FC99DF27-AF8B-40FD-8CFC-5A93A21B9425} = {FC99DF27-AF8B-40FD-8CFC-5A93A21B9425}
		{029D6857-C353-4AAC-B466-3AFAA591CA81} = {029D6857-C353-4AAC-B466-3AFAA591CA81}
		{B7A07E65-EAED-42A5-B50D-652D8E70DC55} = {B7A07E65-EAED-42A5-B50D-652D8E70DC55}
		{4C420F92-670E-4FFF-8EF6-B8F33B482386} = {4C420F92-670E-4FFF-8EF6-B8F33B482386}
		{57D304CE-E01C-47BB-9720-B90BE468C0CE} = {57D304CE-E01C-47BB-9720-B90BE468C0CE}
		{96C93CF8-BB4C-4D60-8C5D-3F439477662D} = {96C93CF8-BB4C-4D60-8C5D-3F439477662D}
		{2C6134FF-9270-4CD2-BD4E-254C5888942A} = {2C6134FF-9270-4CD2-BD4E-254C5888942A}
	EndProjectSection
EndProject
Project("{8BC9CEB8-8B4A-11D0-8D11-00A0C91BC942}") = "Network", "Network\Network.vcxproj", "{6D81E2C5-500E-4B7B-84ED-2380E1E7D70D}"
	ProjectSection(ProjectDependencies) = postProject
		{96C93CF8-BB4C-4D60-8C5D-3F439477662D} = {96C93CF8-BB4C-4D60-8C5D-3F439477662D}
	EndProjectSection
EndProject
Project("{8BC9CEB8-8B4A-11D0-8D11-00A0C91BC942}") = "NetworkUnitTest", "NetworkUnitTest\NetworkUnitTest.vcxproj", "{28E89513-CAB2-459A-AD7B-AD8DA52C2F27}"
	ProjectSection(ProjectDependencies) = postProject
		{31C98D18-B491-49A8-A35B-60AC016FDB71} = {31C98D18-B491-49A8-A35B-60AC016FDB71}
		{FC99DF27-AF8B-40FD-8CFC-5A93A21B9425} = {FC99DF27-AF8B-40FD-8CFC-5A93A21B9425}
		{6D81E2C5-500E-4B7B-84ED-2380E1E7D70D} = {6D81E2C5-500E-4B7B-84ED-2380E1E7D70D}
		{74D30EE4-1A33-4EFF-B7C4-10C42048DE98} = {74D30EE4-1A33-4EFF-B7C4-10C42048DE98}
		{2C6134FF-9270-4CD2-BD4E-254C5888942A} = {2C6134FF-9270-4CD2-BD4E-254C5888942A}
	EndProjectSection
EndProject
Project("{8BC9CEB8-8B4A-11D0-8D11-00A0C91BC942}") = "IntegrationTest", "IntegrationTest\IntegrationTest.vcxproj", "{71EED743-3C5B-4A89-AF29-ECD288FD9EFF}"
	ProjectSection(ProjectDependencies) = postProject
		{AB89A20F-171B-40CD-A7E8-84F4C35BECDC} = {AB89A20F-171B-40CD-A7E8-84F4C35BECDC}
		{31C98D18-B491-49A8-A35B-60AC016FDB71} = {31C98D18-B491-49A8-A35B-60AC016FDB71}
		{FC99DF27-AF8B-40FD-8CFC-5A93A21B9425} = {FC99DF27-AF8B-40FD-8CFC-5A93A21B9425}
		{F8F1F829-3D8A-4DA6-B38A-B1A67F81EB49} = {F8F1F829-3D8A-4DA6-B38A-B1A67F81EB49}
		{029D6857-C353-4AAC-B466-3AFAA591CA81} = {029D6857-C353-4AAC-B466-3AFAA591CA81}
		{B7A07E65-EAED-42A5-B50D-652D8E70DC55} = {B7A07E65-EAED-42A5-B50D-652D8E70DC55}
		{4C420F92-670E-4FFF-8EF6-B8F33B482386} = {4C420F92-670E-4FFF-8EF6-B8F33B482386}
		{6F664792-3F1D-4D35-A088-CEBD1D01213C} = {6F664792-3F1D-4D35-A088-CEBD1D01213C}
		{6D81E2C5-500E-4B7B-84ED-2380E1E7D70D} = {6D81E2C5-500E-4B7B-84ED-2380E1E7D70D}
		{57D304CE-E01C-47BB-9720-B90BE468C0CE} = {57D304CE-E01C-47BB-9720-B90BE468C0CE}
		{74D30EE4-1A33-4EFF-B7C4-10C42048DE98} = {74D30EE4-1A33-4EFF-B7C4-10C42048DE98}
		{96C93CF8-BB4C-4D60-8C5D-3F439477662D} = {96C93CF8-BB4C-4D60-8C5D-3F439477662D}
		{2C6134FF-9270-4CD2-BD4E-254C5888942A} = {2C6134FF-9270-4CD2-BD4E-254C5888942A}
	EndProjectSection
EndProject
Project("{8BC9CEB8-8B4A-11D0-8D11-00A0C91BC942}") = "ParticleSystem", "ParticleSystem\ParticleSystem.vcxproj", "{57D304CE-E01C-47BB-9720-B90BE468C0CE}"
	ProjectSection(ProjectDependencies) = postProject
		{AB89A20F-171B-40CD-A7E8-84F4C35BECDC} = {AB89A20F-171B-40CD-A7E8-84F4C35BECDC}
		{6F664792-3F1D-4D35-A088-CEBD1D01213C} = {6F664792-3F1D-4D35-A088-CEBD1D01213C}
		{2C6134FF-9270-4CD2-BD4E-254C5888942A} = {2C6134FF-9270-4CD2-BD4E-254C5888942A}
	EndProjectSection
EndProject
Project("{8BC9CEB8-8B4A-11D0-8D11-00A0C91BC942}") = "ParticleSystemTestApplication", "ParticleSystemTestApplication\ParticleSystemTestApplication.vcxproj", "{2DF858DF-DF80-4268-A891-7456947C55F4}"
	ProjectSection(ProjectDependencies) = postProject
		{57D304CE-E01C-47BB-9720-B90BE468C0CE} = {57D304CE-E01C-47BB-9720-B90BE468C0CE}
	EndProjectSection
EndProject
Project("{8BC9CEB8-8B4A-11D0-8D11-00A0C91BC942}") = "LobbyServer", "LobbyServer\LobbyServer.vcxproj", "{4C3AB259-F7D8-4BC3-9977-1DADDF45AD27}"
	ProjectSection(ProjectDependencies) = postProject
		{31C98D18-B491-49A8-A35B-60AC016FDB71} = {31C98D18-B491-49A8-A35B-60AC016FDB71}
		{6D81E2C5-500E-4B7B-84ED-2380E1E7D70D} = {6D81E2C5-500E-4B7B-84ED-2380E1E7D70D}
	EndProjectSection
EndProject
Project("{8BC9CEB8-8B4A-11D0-8D11-00A0C91BC942}") = "GameServer", "GameServer\GameServer.vcxproj", "{C76FF6F4-9050-440A-B80B-AC0097BFFA10}"
	ProjectSection(ProjectDependencies) = postProject
		{31C98D18-B491-49A8-A35B-60AC016FDB71} = {31C98D18-B491-49A8-A35B-60AC016FDB71}
		{6D81E2C5-500E-4B7B-84ED-2380E1E7D70D} = {6D81E2C5-500E-4B7B-84ED-2380E1E7D70D}
	EndProjectSection
EndProject
Global
	GlobalSection(SolutionConfigurationPlatforms) = preSolution
		Debug|x64 = Debug|x64
		Debug|x86 = Debug|x86
		Release|x64 = Release|x64
		Release|x86 = Release|x86
	EndGlobalSection
	GlobalSection(ProjectConfigurationPlatforms) = postSolution
		{96C93CF8-BB4C-4D60-8C5D-3F439477662D}.Debug|x64.ActiveCfg = Debug|x64
		{96C93CF8-BB4C-4D60-8C5D-3F439477662D}.Debug|x64.Build.0 = Debug|x64
		{96C93CF8-BB4C-4D60-8C5D-3F439477662D}.Debug|x86.ActiveCfg = Debug|Win32
		{96C93CF8-BB4C-4D60-8C5D-3F439477662D}.Debug|x86.Build.0 = Debug|Win32
		{96C93CF8-BB4C-4D60-8C5D-3F439477662D}.Release|x64.ActiveCfg = Release|x64
		{96C93CF8-BB4C-4D60-8C5D-3F439477662D}.Release|x64.Build.0 = Release|x64
		{96C93CF8-BB4C-4D60-8C5D-3F439477662D}.Release|x86.ActiveCfg = Release|Win32
		{96C93CF8-BB4C-4D60-8C5D-3F439477662D}.Release|x86.Build.0 = Release|Win32
		{4C420F92-670E-4FFF-8EF6-B8F33B482386}.Debug|x64.ActiveCfg = Debug|x64
		{4C420F92-670E-4FFF-8EF6-B8F33B482386}.Debug|x64.Build.0 = Debug|x64
		{4C420F92-670E-4FFF-8EF6-B8F33B482386}.Debug|x86.ActiveCfg = Debug|Win32
		{4C420F92-670E-4FFF-8EF6-B8F33B482386}.Debug|x86.Build.0 = Debug|Win32
		{4C420F92-670E-4FFF-8EF6-B8F33B482386}.Release|x64.ActiveCfg = Release|x64
		{4C420F92-670E-4FFF-8EF6-B8F33B482386}.Release|x64.Build.0 = Release|x64
		{4C420F92-670E-4FFF-8EF6-B8F33B482386}.Release|x86.ActiveCfg = Release|Win32
		{4C420F92-670E-4FFF-8EF6-B8F33B482386}.Release|x86.Build.0 = Release|Win32
		{AB89A20F-171B-40CD-A7E8-84F4C35BECDC}.Debug|x64.ActiveCfg = Debug|x64
		{AB89A20F-171B-40CD-A7E8-84F4C35BECDC}.Debug|x64.Build.0 = Debug|x64
		{AB89A20F-171B-40CD-A7E8-84F4C35BECDC}.Debug|x86.ActiveCfg = Debug|Win32
		{AB89A20F-171B-40CD-A7E8-84F4C35BECDC}.Debug|x86.Build.0 = Debug|Win32
		{AB89A20F-171B-40CD-A7E8-84F4C35BECDC}.Release|x64.ActiveCfg = Release|x64
		{AB89A20F-171B-40CD-A7E8-84F4C35BECDC}.Release|x64.Build.0 = Release|x64
		{AB89A20F-171B-40CD-A7E8-84F4C35BECDC}.Release|x86.ActiveCfg = Release|Win32
		{AB89A20F-171B-40CD-A7E8-84F4C35BECDC}.Release|x86.Build.0 = Release|Win32
		{2C6134FF-9270-4CD2-BD4E-254C5888942A}.Debug|x64.ActiveCfg = Debug|x64
		{2C6134FF-9270-4CD2-BD4E-254C5888942A}.Debug|x64.Build.0 = Debug|x64
		{2C6134FF-9270-4CD2-BD4E-254C5888942A}.Debug|x86.ActiveCfg = Debug|Win32
		{2C6134FF-9270-4CD2-BD4E-254C5888942A}.Debug|x86.Build.0 = Debug|Win32
		{2C6134FF-9270-4CD2-BD4E-254C5888942A}.Release|x64.ActiveCfg = Release|x64
		{2C6134FF-9270-4CD2-BD4E-254C5888942A}.Release|x64.Build.0 = Release|x64
		{2C6134FF-9270-4CD2-BD4E-254C5888942A}.Release|x86.ActiveCfg = Release|Win32
		{2C6134FF-9270-4CD2-BD4E-254C5888942A}.Release|x86.Build.0 = Release|Win32
		{EC9E791F-9375-4F43-9592-0BE28E642E13}.Debug|x64.ActiveCfg = Debug|x64
		{EC9E791F-9375-4F43-9592-0BE28E642E13}.Debug|x64.Build.0 = Debug|x64
		{EC9E791F-9375-4F43-9592-0BE28E642E13}.Debug|x86.ActiveCfg = Debug|Win32
		{EC9E791F-9375-4F43-9592-0BE28E642E13}.Debug|x86.Build.0 = Debug|Win32
		{EC9E791F-9375-4F43-9592-0BE28E642E13}.Release|x64.ActiveCfg = Release|x64
		{EC9E791F-9375-4F43-9592-0BE28E642E13}.Release|x64.Build.0 = Release|x64
		{EC9E791F-9375-4F43-9592-0BE28E642E13}.Release|x86.ActiveCfg = Release|Win32
		{EC9E791F-9375-4F43-9592-0BE28E642E13}.Release|x86.Build.0 = Release|Win32
		{4216D5A9-F009-4330-B3C5-262FBD6570F5}.Debug|x64.ActiveCfg = Debug|x64
		{4216D5A9-F009-4330-B3C5-262FBD6570F5}.Debug|x64.Build.0 = Debug|x64
		{4216D5A9-F009-4330-B3C5-262FBD6570F5}.Debug|x86.ActiveCfg = Debug|Win32
		{4216D5A9-F009-4330-B3C5-262FBD6570F5}.Debug|x86.Build.0 = Debug|Win32
		{4216D5A9-F009-4330-B3C5-262FBD6570F5}.Release|x64.ActiveCfg = Release|x64
		{4216D5A9-F009-4330-B3C5-262FBD6570F5}.Release|x64.Build.0 = Release|x64
		{4216D5A9-F009-4330-B3C5-262FBD6570F5}.Release|x86.ActiveCfg = Release|Win32
		{4216D5A9-F009-4330-B3C5-262FBD6570F5}.Release|x86.Build.0 = Release|Win32
		{725824F8-CF52-4987-8A88-2DABE1B078E1}.Debug|x64.ActiveCfg = Debug|x64
		{725824F8-CF52-4987-8A88-2DABE1B078E1}.Debug|x64.Build.0 = Debug|x64
		{725824F8-CF52-4987-8A88-2DABE1B078E1}.Debug|x86.ActiveCfg = Debug|Win32
		{725824F8-CF52-4987-8A88-2DABE1B078E1}.Debug|x86.Build.0 = Debug|Win32
		{725824F8-CF52-4987-8A88-2DABE1B078E1}.Release|x64.ActiveCfg = Release|x64
		{725824F8-CF52-4987-8A88-2DABE1B078E1}.Release|x64.Build.0 = Release|x64
		{725824F8-CF52-4987-8A88-2DABE1B078E1}.Release|x86.ActiveCfg = Release|Win32
		{725824F8-CF52-4987-8A88-2DABE1B078E1}.Release|x86.Build.0 = Release|Win32
		{5FA5BD82-85B5-48A1-A55F-43995C38DBF1}.Debug|x64.ActiveCfg = Debug|x64
		{5FA5BD82-85B5-48A1-A55F-43995C38DBF1}.Debug|x64.Build.0 = Debug|x64
		{5FA5BD82-85B5-48A1-A55F-43995C38DBF1}.Debug|x86.ActiveCfg = Debug|Win32
		{5FA5BD82-85B5-48A1-A55F-43995C38DBF1}.Debug|x86.Build.0 = Debug|Win32
		{5FA5BD82-85B5-48A1-A55F-43995C38DBF1}.Release|x64.ActiveCfg = Release|x64
		{5FA5BD82-85B5-48A1-A55F-43995C38DBF1}.Release|x64.Build.0 = Release|x64
		{5FA5BD82-85B5-48A1-A55F-43995C38DBF1}.Release|x86.ActiveCfg = Release|Win32
		{5FA5BD82-85B5-48A1-A55F-43995C38DBF1}.Release|x86.Build.0 = Release|Win32
		{3FDA0ACE-779A-43FA-92E5-85173044AB6D}.Debug|x64.ActiveCfg = Debug|x64
		{3FDA0ACE-779A-43FA-92E5-85173044AB6D}.Debug|x64.Build.0 = Debug|x64
		{3FDA0ACE-779A-43FA-92E5-85173044AB6D}.Debug|x86.ActiveCfg = Debug|Win32
		{3FDA0ACE-779A-43FA-92E5-85173044AB6D}.Debug|x86.Build.0 = Debug|Win32
		{3FDA0ACE-779A-43FA-92E5-85173044AB6D}.Release|x64.ActiveCfg = Release|x64
		{3FDA0ACE-779A-43FA-92E5-85173044AB6D}.Release|x64.Build.0 = Release|x64
		{3FDA0ACE-779A-43FA-92E5-85173044AB6D}.Release|x86.ActiveCfg = Release|Win32
		{3FDA0ACE-779A-43FA-92E5-85173044AB6D}.Release|x86.Build.0 = Release|Win32
		{F8F1F829-3D8A-4DA6-B38A-B1A67F81EB49}.Debug|x64.ActiveCfg = Debug|x64
		{F8F1F829-3D8A-4DA6-B38A-B1A67F81EB49}.Debug|x64.Build.0 = Debug|x64
		{F8F1F829-3D8A-4DA6-B38A-B1A67F81EB49}.Debug|x86.ActiveCfg = Debug|Win32
		{F8F1F829-3D8A-4DA6-B38A-B1A67F81EB49}.Debug|x86.Build.0 = Debug|Win32
		{F8F1F829-3D8A-4DA6-B38A-B1A67F81EB49}.Release|x64.ActiveCfg = Release|x64
		{F8F1F829-3D8A-4DA6-B38A-B1A67F81EB49}.Release|x64.Build.0 = Release|x64
		{F8F1F829-3D8A-4DA6-B38A-B1A67F81EB49}.Release|x86.ActiveCfg = Release|Win32
		{F8F1F829-3D8A-4DA6-B38A-B1A67F81EB49}.Release|x86.Build.0 = Release|Win32
		{C1D6ED45-C172-48F7-B7E4-DBC803AAB2CD}.Debug|x64.ActiveCfg = Debug|x64
		{C1D6ED45-C172-48F7-B7E4-DBC803AAB2CD}.Debug|x64.Build.0 = Debug|x64
		{C1D6ED45-C172-48F7-B7E4-DBC803AAB2CD}.Debug|x86.ActiveCfg = Debug|Win32
		{C1D6ED45-C172-48F7-B7E4-DBC803AAB2CD}.Debug|x86.Build.0 = Debug|Win32
		{C1D6ED45-C172-48F7-B7E4-DBC803AAB2CD}.Release|x64.ActiveCfg = Release|x64
		{C1D6ED45-C172-48F7-B7E4-DBC803AAB2CD}.Release|x64.Build.0 = Release|x64
		{C1D6ED45-C172-48F7-B7E4-DBC803AAB2CD}.Release|x86.ActiveCfg = Release|Win32
		{FC99DF27-AF8B-40FD-8CFC-5A93A21B9425}.Debug|x64.ActiveCfg = Debug|x64
		{FC99DF27-AF8B-40FD-8CFC-5A93A21B9425}.Debug|x64.Build.0 = Debug|x64
		{FC99DF27-AF8B-40FD-8CFC-5A93A21B9425}.Debug|x64.Deploy.0 = Debug|x64
		{FC99DF27-AF8B-40FD-8CFC-5A93A21B9425}.Debug|x86.ActiveCfg = Debug|Win32
		{FC99DF27-AF8B-40FD-8CFC-5A93A21B9425}.Debug|x86.Build.0 = Debug|Win32
		{FC99DF27-AF8B-40FD-8CFC-5A93A21B9425}.Release|x64.ActiveCfg = Release|x64
		{FC99DF27-AF8B-40FD-8CFC-5A93A21B9425}.Release|x64.Build.0 = Release|x64
		{FC99DF27-AF8B-40FD-8CFC-5A93A21B9425}.Release|x86.ActiveCfg = Release|Win32
		{FC99DF27-AF8B-40FD-8CFC-5A93A21B9425}.Release|x86.Build.0 = Release|Win32
		{B7A07E65-EAED-42A5-B50D-652D8E70DC55}.Debug|x64.ActiveCfg = Debug|x64
		{B7A07E65-EAED-42A5-B50D-652D8E70DC55}.Debug|x64.Build.0 = Debug|x64
		{B7A07E65-EAED-42A5-B50D-652D8E70DC55}.Debug|x86.ActiveCfg = Debug|Win32
		{B7A07E65-EAED-42A5-B50D-652D8E70DC55}.Debug|x86.Build.0 = Debug|Win32
		{B7A07E65-EAED-42A5-B50D-652D8E70DC55}.Release|x64.ActiveCfg = Release|x64
		{B7A07E65-EAED-42A5-B50D-652D8E70DC55}.Release|x64.Build.0 = Release|x64
		{B7A07E65-EAED-42A5-B50D-652D8E70DC55}.Release|x86.ActiveCfg = Release|Win32
		{B7A07E65-EAED-42A5-B50D-652D8E70DC55}.Release|x86.Build.0 = Release|Win32
		{710BA809-55E5-4D1E-BD57-5543E36C236D}.Debug|x64.ActiveCfg = Debug|x64
		{710BA809-55E5-4D1E-BD57-5543E36C236D}.Debug|x64.Build.0 = Debug|x64
		{710BA809-55E5-4D1E-BD57-5543E36C236D}.Debug|x86.ActiveCfg = Debug|Win32
		{710BA809-55E5-4D1E-BD57-5543E36C236D}.Debug|x86.Build.0 = Debug|Win32
		{710BA809-55E5-4D1E-BD57-5543E36C236D}.Release|x64.ActiveCfg = Release|x64
		{710BA809-55E5-4D1E-BD57-5543E36C236D}.Release|x64.Build.0 = Release|x64
		{710BA809-55E5-4D1E-BD57-5543E36C236D}.Release|x86.ActiveCfg = Release|Win32
		{710BA809-55E5-4D1E-BD57-5543E36C236D}.Release|x86.Build.0 = Release|Win32
		{029D6857-C353-4AAC-B466-3AFAA591CA81}.Debug|x64.ActiveCfg = Debug|x64
		{029D6857-C353-4AAC-B466-3AFAA591CA81}.Debug|x64.Build.0 = Debug|x64
		{029D6857-C353-4AAC-B466-3AFAA591CA81}.Debug|x86.ActiveCfg = Debug|Win32
		{029D6857-C353-4AAC-B466-3AFAA591CA81}.Debug|x86.Build.0 = Debug|Win32
		{029D6857-C353-4AAC-B466-3AFAA591CA81}.Release|x64.ActiveCfg = Release|x64
		{029D6857-C353-4AAC-B466-3AFAA591CA81}.Release|x64.Build.0 = Release|x64
		{029D6857-C353-4AAC-B466-3AFAA591CA81}.Release|x86.ActiveCfg = Release|Win32
		{029D6857-C353-4AAC-B466-3AFAA591CA81}.Release|x86.Build.0 = Release|Win32
		{E831247F-FD59-44EC-911A-1F64C0937FE8}.Debug|x64.ActiveCfg = Debug|x64
		{E831247F-FD59-44EC-911A-1F64C0937FE8}.Debug|x64.Build.0 = Debug|x64
		{E831247F-FD59-44EC-911A-1F64C0937FE8}.Debug|x86.ActiveCfg = Debug|Win32
		{E831247F-FD59-44EC-911A-1F64C0937FE8}.Debug|x86.Build.0 = Debug|Win32
		{E831247F-FD59-44EC-911A-1F64C0937FE8}.Release|x64.ActiveCfg = Release|x64
		{E831247F-FD59-44EC-911A-1F64C0937FE8}.Release|x64.Build.0 = Release|x64
		{E831247F-FD59-44EC-911A-1F64C0937FE8}.Release|x86.ActiveCfg = Release|Win32
		{E831247F-FD59-44EC-911A-1F64C0937FE8}.Release|x86.Build.0 = Release|Win32
		{31C98D18-B491-49A8-A35B-60AC016FDB71}.Debug|x64.ActiveCfg = Debug|x64
		{31C98D18-B491-49A8-A35B-60AC016FDB71}.Debug|x64.Build.0 = Debug|x64
		{31C98D18-B491-49A8-A35B-60AC016FDB71}.Debug|x86.ActiveCfg = Debug|Win32
		{31C98D18-B491-49A8-A35B-60AC016FDB71}.Debug|x86.Build.0 = Debug|Win32
		{31C98D18-B491-49A8-A35B-60AC016FDB71}.Release|x64.ActiveCfg = Release|x64
		{31C98D18-B491-49A8-A35B-60AC016FDB71}.Release|x64.Build.0 = Release|x64
		{31C98D18-B491-49A8-A35B-60AC016FDB71}.Release|x86.ActiveCfg = Release|Win32
		{31C98D18-B491-49A8-A35B-60AC016FDB71}.Release|x86.Build.0 = Release|Win32
		{74D30EE4-1A33-4EFF-B7C4-10C42048DE98}.Debug|x64.ActiveCfg = Debug|x64
		{74D30EE4-1A33-4EFF-B7C4-10C42048DE98}.Debug|x64.Build.0 = Debug|x64
		{74D30EE4-1A33-4EFF-B7C4-10C42048DE98}.Debug|x86.ActiveCfg = Debug|Win32
		{74D30EE4-1A33-4EFF-B7C4-10C42048DE98}.Debug|x86.Build.0 = Debug|Win32
		{74D30EE4-1A33-4EFF-B7C4-10C42048DE98}.Release|x64.ActiveCfg = Release|x64
		{74D30EE4-1A33-4EFF-B7C4-10C42048DE98}.Release|x64.Build.0 = Release|x64
		{74D30EE4-1A33-4EFF-B7C4-10C42048DE98}.Release|x86.ActiveCfg = Release|Win32
		{74D30EE4-1A33-4EFF-B7C4-10C42048DE98}.Release|x86.Build.0 = Release|Win32
		{4471363E-D99D-4AFD-8F2E-7D987F2AD8B6}.Debug|x64.ActiveCfg = Debug|x64
		{4471363E-D99D-4AFD-8F2E-7D987F2AD8B6}.Debug|x64.Build.0 = Debug|x64
		{4471363E-D99D-4AFD-8F2E-7D987F2AD8B6}.Debug|x86.ActiveCfg = Debug|Win32
		{4471363E-D99D-4AFD-8F2E-7D987F2AD8B6}.Debug|x86.Build.0 = Debug|Win32
		{4471363E-D99D-4AFD-8F2E-7D987F2AD8B6}.Release|x64.ActiveCfg = Release|x64
		{4471363E-D99D-4AFD-8F2E-7D987F2AD8B6}.Release|x64.Build.0 = Release|x64
		{4471363E-D99D-4AFD-8F2E-7D987F2AD8B6}.Release|x86.ActiveCfg = Release|Win32
		{4471363E-D99D-4AFD-8F2E-7D987F2AD8B6}.Release|x86.Build.0 = Release|Win32
		{6F664792-3F1D-4D35-A088-CEBD1D01213C}.Debug|x64.ActiveCfg = Debug|x64
		{6F664792-3F1D-4D35-A088-CEBD1D01213C}.Debug|x64.Build.0 = Debug|x64
		{6F664792-3F1D-4D35-A088-CEBD1D01213C}.Debug|x86.ActiveCfg = Debug|Win32
		{6F664792-3F1D-4D35-A088-CEBD1D01213C}.Debug|x86.Build.0 = Debug|Win32
		{6F664792-3F1D-4D35-A088-CEBD1D01213C}.Release|x64.ActiveCfg = Release|x64
		{6F664792-3F1D-4D35-A088-CEBD1D01213C}.Release|x64.Build.0 = Release|x64
		{6F664792-3F1D-4D35-A088-CEBD1D01213C}.Release|x86.ActiveCfg = Release|Win32
		{6F664792-3F1D-4D35-A088-CEBD1D01213C}.Release|x86.Build.0 = Release|Win32
		{E48F3E62-CA33-4794-A329-BAB262BC992E}.Debug|x64.ActiveCfg = Debug|x64
		{E48F3E62-CA33-4794-A329-BAB262BC992E}.Debug|x64.Build.0 = Debug|x64
		{E48F3E62-CA33-4794-A329-BAB262BC992E}.Debug|x86.ActiveCfg = Debug|Win32
		{E48F3E62-CA33-4794-A329-BAB262BC992E}.Debug|x86.Build.0 = Debug|Win32
		{E48F3E62-CA33-4794-A329-BAB262BC992E}.Release|x64.ActiveCfg = Release|x64
		{E48F3E62-CA33-4794-A329-BAB262BC992E}.Release|x64.Build.0 = Release|x64
		{E48F3E62-CA33-4794-A329-BAB262BC992E}.Release|x86.ActiveCfg = Release|Win32
		{E48F3E62-CA33-4794-A329-BAB262BC992E}.Release|x86.Build.0 = Release|Win32
		{AB0C4CB5-7448-47E7-8CA0-0F3DDB17BDE5}.Debug|x64.ActiveCfg = Debug|x64
		{AB0C4CB5-7448-47E7-8CA0-0F3DDB17BDE5}.Debug|x64.Build.0 = Debug|x64
		{AB0C4CB5-7448-47E7-8CA0-0F3DDB17BDE5}.Debug|x86.ActiveCfg = Debug|Win32
		{AB0C4CB5-7448-47E7-8CA0-0F3DDB17BDE5}.Debug|x86.Build.0 = Debug|Win32
		{AB0C4CB5-7448-47E7-8CA0-0F3DDB17BDE5}.Release|x64.ActiveCfg = Release|x64
		{AB0C4CB5-7448-47E7-8CA0-0F3DDB17BDE5}.Release|x64.Build.0 = Release|x64
		{AB0C4CB5-7448-47E7-8CA0-0F3DDB17BDE5}.Release|x86.ActiveCfg = Release|Win32
		{AB0C4CB5-7448-47E7-8CA0-0F3DDB17BDE5}.Release|x86.Build.0 = Release|Win32
		{6D81E2C5-500E-4B7B-84ED-2380E1E7D70D}.Debug|x64.ActiveCfg = Debug|x64
		{6D81E2C5-500E-4B7B-84ED-2380E1E7D70D}.Debug|x64.Build.0 = Debug|x64
		{6D81E2C5-500E-4B7B-84ED-2380E1E7D70D}.Debug|x86.ActiveCfg = Debug|Win32
		{6D81E2C5-500E-4B7B-84ED-2380E1E7D70D}.Debug|x86.Build.0 = Debug|Win32
		{6D81E2C5-500E-4B7B-84ED-2380E1E7D70D}.Release|x64.ActiveCfg = Release|x64
		{6D81E2C5-500E-4B7B-84ED-2380E1E7D70D}.Release|x64.Build.0 = Release|x64
		{6D81E2C5-500E-4B7B-84ED-2380E1E7D70D}.Release|x86.ActiveCfg = Release|Win32
		{6D81E2C5-500E-4B7B-84ED-2380E1E7D70D}.Release|x86.Build.0 = Release|Win32
		{28E89513-CAB2-459A-AD7B-AD8DA52C2F27}.Debug|x64.ActiveCfg = Debug|x64
		{28E89513-CAB2-459A-AD7B-AD8DA52C2F27}.Debug|x64.Build.0 = Debug|x64
		{28E89513-CAB2-459A-AD7B-AD8DA52C2F27}.Debug|x86.ActiveCfg = Debug|Win32
		{28E89513-CAB2-459A-AD7B-AD8DA52C2F27}.Debug|x86.Build.0 = Debug|Win32
		{28E89513-CAB2-459A-AD7B-AD8DA52C2F27}.Release|x64.ActiveCfg = Release|x64
		{28E89513-CAB2-459A-AD7B-AD8DA52C2F27}.Release|x64.Build.0 = Release|x64
		{28E89513-CAB2-459A-AD7B-AD8DA52C2F27}.Release|x86.ActiveCfg = Release|Win32
		{28E89513-CAB2-459A-AD7B-AD8DA52C2F27}.Release|x86.Build.0 = Release|Win32
		{71EED743-3C5B-4A89-AF29-ECD288FD9EFF}.Debug|x64.ActiveCfg = Debug|x64
		{71EED743-3C5B-4A89-AF29-ECD288FD9EFF}.Debug|x64.Build.0 = Debug|x64
		{71EED743-3C5B-4A89-AF29-ECD288FD9EFF}.Debug|x86.ActiveCfg = Debug|Win32
		{71EED743-3C5B-4A89-AF29-ECD288FD9EFF}.Debug|x86.Build.0 = Debug|Win32
		{71EED743-3C5B-4A89-AF29-ECD288FD9EFF}.Release|x64.ActiveCfg = Release|x64
		{71EED743-3C5B-4A89-AF29-ECD288FD9EFF}.Release|x64.Build.0 = Release|x64
		{71EED743-3C5B-4A89-AF29-ECD288FD9EFF}.Release|x86.ActiveCfg = Release|Win32
		{71EED743-3C5B-4A89-AF29-ECD288FD9EFF}.Release|x86.Build.0 = Release|Win32
		{57D304CE-E01C-47BB-9720-B90BE468C0CE}.Debug|x64.ActiveCfg = Debug|x64
		{57D304CE-E01C-47BB-9720-B90BE468C0CE}.Debug|x64.Build.0 = Debug|x64
		{57D304CE-E01C-47BB-9720-B90BE468C0CE}.Debug|x86.ActiveCfg = Debug|Win32
		{57D304CE-E01C-47BB-9720-B90BE468C0CE}.Debug|x86.Build.0 = Debug|Win32
		{57D304CE-E01C-47BB-9720-B90BE468C0CE}.Release|x64.ActiveCfg = Release|x64
		{57D304CE-E01C-47BB-9720-B90BE468C0CE}.Release|x64.Build.0 = Release|x64
		{57D304CE-E01C-47BB-9720-B90BE468C0CE}.Release|x86.ActiveCfg = Release|Win32
		{57D304CE-E01C-47BB-9720-B90BE468C0CE}.Release|x86.Build.0 = Release|Win32
		{2DF858DF-DF80-4268-A891-7456947C55F4}.Debug|x64.ActiveCfg = Debug|x64
		{2DF858DF-DF80-4268-A891-7456947C55F4}.Debug|x64.Build.0 = Debug|x64
		{2DF858DF-DF80-4268-A891-7456947C55F4}.Debug|x86.ActiveCfg = Debug|Win32
		{2DF858DF-DF80-4268-A891-7456947C55F4}.Debug|x86.Build.0 = Debug|Win32
		{2DF858DF-DF80-4268-A891-7456947C55F4}.Release|x64.ActiveCfg = Release|x64
		{2DF858DF-DF80-4268-A891-7456947C55F4}.Release|x64.Build.0 = Release|x64
		{2DF858DF-DF80-4268-A891-7456947C55F4}.Release|x86.ActiveCfg = Release|Win32
		{2DF858DF-DF80-4268-A891-7456947C55F4}.Release|x86.Build.0 = Release|Win32
		{4C3AB259-F7D8-4BC3-9977-1DADDF45AD27}.Debug|x64.ActiveCfg = Debug|x64
		{4C3AB259-F7D8-4BC3-9977-1DADDF45AD27}.Debug|x64.Build.0 = Debug|x64
		{4C3AB259-F7D8-4BC3-9977-1DADDF45AD27}.Debug|x86.ActiveCfg = Debug|Win32
		{4C3AB259-F7D8-4BC3-9977-1DADDF45AD27}.Debug|x86.Build.0 = Debug|Win32
		{4C3AB259-F7D8-4BC3-9977-1DADDF45AD27}.Release|x64.ActiveCfg = Release|x64
		{4C3AB259-F7D8-4BC3-9977-1DADDF45AD27}.Release|x64.Build.0 = Release|x64
		{4C3AB259-F7D8-4BC3-9977-1DADDF45AD27}.Release|x86.ActiveCfg = Release|Win32
		{4C3AB259-F7D8-4BC3-9977-1DADDF45AD27}.Release|x86.Build.0 = Release|Win32
		{C76FF6F4-9050-440A-B80B-AC0097BFFA10}.Debug|x64.ActiveCfg = Debug|x64
		{C76FF6F4-9050-440A-B80B-AC0097BFFA10}.Debug|x64.Build.0 = Debug|x64
		{C76FF6F4-9050-440A-B80B-AC0097BFFA10}.Debug|x86.ActiveCfg = Debug|Win32
		{C76FF6F4-9050-440A-B80B-AC0097BFFA10}.Debug|x86.Build.0 = Debug|Win32
		{C76FF6F4-9050-440A-B80B-AC0097BFFA10}.Release|x64.ActiveCfg = Release|x64
		{C76FF6F4-9050-440A-B80B-AC0097BFFA10}.Release|x64.Build.0 = Release|x64
		{C76FF6F4-9050-440A-B80B-AC0097BFFA10}.Release|x86.ActiveCfg = Release|Win32
		{C76FF6F4-9050-440A-B80B-AC0097BFFA10}.Release|x86.Build.0 = Release|Win32
	EndGlobalSection
	GlobalSection(SolutionProperties) = preSolution
		HideSolutionNode = FALSE
	EndGlobalSection
	GlobalSection(ExtensibilityGlobals) = postSolution
		SolutionGuid = {441A7D70-910D-4C4B-AEC2-38867E6BDC04}
	EndGlobalSection
EndGlobal
