<?xml version="1.0" encoding="utf-8"?>
<Project ToolsVersion="4.0" xmlns="http://schemas.microsoft.com/developer/msbuild/2003">
  <ItemGroup>
    <Filter Include="Archivos de origen">
      <UniqueIdentifier>{4FC737F1-C7A5-4376-A066-2A32D752A2FF}</UniqueIdentifier>
      <Extensions>cpp;c;cc;cxx;def;odl;idl;hpj;bat;asm;asmx</Extensions>
    </Filter>
    <Filter Include="Archivos de encabezado">
      <UniqueIdentifier>{93995380-89BD-4b04-88EB-625FBE52EBFB}</UniqueIdentifier>
      <Extensions>h;hh;hpp;hxx;hm;inl;inc;xsd</Extensions>
    </Filter>
    <Filter Include="Archivos de recursos">
      <UniqueIdentifier>{67DA6AB6-F800-4c08-8B7A-83BB121AAD01}</UniqueIdentifier>
      <Extensions>rc;ico;cur;bmp;dlg;rc2;rct;bin;rgs;gif;jpg;jpeg;jpe;resx;tiff;tif;png;wav;mfcribbon-ms</Extensions>
    </Filter>
    <Filter Include="Archivos de origen\Components">
      <UniqueIdentifier>{9c1637e5-ef82-4664-8c34-f621fb8f8cf2}</UniqueIdentifier>
    </Filter>
    <Filter Include="Archivos de origen\Technique">
      <UniqueIdentifier>{6ee345fa-5eae-4a6e-906d-0d1fc49730b2}</UniqueIdentifier>
    </Filter>
    <Filter Include="Archivos de origen\Geometry">
      <UniqueIdentifier>{643d255f-48fa-4296-9fbc-a008cd051f48}</UniqueIdentifier>
    </Filter>
    <Filter Include="Archivos de encabezado\Components">
      <UniqueIdentifier>{7531c95e-d4fb-4879-b8b4-eee8e11d6470}</UniqueIdentifier>
    </Filter>
    <Filter Include="Archivos de encabezado\Techniques">
      <UniqueIdentifier>{e41fad87-3e26-4b5a-9b32-23c815cdb502}</UniqueIdentifier>
    </Filter>
    <Filter Include="Archivos de encabezado\Application">
      <UniqueIdentifier>{413ab108-5eb0-4347-9cc1-3543dfadefab}</UniqueIdentifier>
    </Filter>
    <Filter Include="Archivos de encabezado\Geometry">
      <UniqueIdentifier>{89bd6d12-2f2e-42e5-82cd-14795aed5713}</UniqueIdentifier>
    </Filter>
    <Filter Include="Archivos de origen\Application">
      <UniqueIdentifier>{53014640-ac27-433d-a210-4f92435ee197}</UniqueIdentifier>
    </Filter>
    <Filter Include="Archivos de encabezado\Script">
      <UniqueIdentifier>{5b2ef3a7-daa2-40f8-9b67-7c761ca100aa}</UniqueIdentifier>
    </Filter>
    <Filter Include="Archivos de origen\Script">
      <UniqueIdentifier>{b84d47cd-b20a-4f33-b82e-048d6ccd2786}</UniqueIdentifier>
    </Filter>
  </ItemGroup>
  <ItemGroup>
    <Text Include="ReadMe.txt" />
  </ItemGroup>
  <ItemGroup>
    <ClInclude Include="Include\DrawableComponent.h">
      <Filter>Archivos de encabezado\Components</Filter>
    </ClInclude>
    <ClInclude Include="Include\Technique.h">
      <Filter>Archivos de encabezado\Techniques</Filter>
    </ClInclude>
    <ClInclude Include="Include\StaticMeshTechnique.h">
      <Filter>Archivos de encabezado\Techniques</Filter>
    </ClInclude>
    <ClInclude Include="Include\LinesTechnique.h">
      <Filter>Archivos de encabezado\Techniques</Filter>
    </ClInclude>
    <ClInclude Include="Include\AABBDebug.h">
      <Filter>Archivos de encabezado\Components</Filter>
    </ClInclude>
    <ClInclude Include="Include\SkeletonDebug.h">
      <Filter>Archivos de encabezado\Components</Filter>
    </ClInclude>
    <ClInclude Include="Include\FrustumDebug.h">
      <Filter>Archivos de encabezado\Components</Filter>
    </ClInclude>
    <ClInclude Include="Include\AnimationTechnique.h">
      <Filter>Archivos de encabezado\Techniques</Filter>
    </ClInclude>
    <ClInclude Include="Include\OneRef.h">
      <Filter>Archivos de encabezado\Script</Filter>
    </ClInclude>
    <ClInclude Include="Include\dr_graphics_application.h">
      <Filter>Archivos de encabezado\Application</Filter>
    </ClInclude>
    <ClInclude Include="Include\SpiderBehavior.h">
      <Filter>Archivos de encabezado\Components</Filter>
    </ClInclude>
    <ClInclude Include="Include\SpiderAI.h">
      <Filter>Archivos de encabezado\Components</Filter>
    </ClInclude>
    <ClInclude Include="Include\SpiderPlayer.h">
      <Filter>Archivos de encabezado\Components</Filter>
    </ClInclude>
    <ClInclude Include="Include\PathHolder.h">
      <Filter>Archivos de encabezado\Application</Filter>
    </ClInclude>
    <ClInclude Include="Include\PathRenderer.h">
      <Filter>Archivos de encabezado\Application</Filter>
    </ClInclude>
    <ClInclude Include="Include\Spawner.h">
      <Filter>Archivos de encabezado\Application</Filter>
    </ClInclude>
  </ItemGroup>
  <ItemGroup>
    <ClCompile Include="Source\DrawableComponent.cpp">
      <Filter>Archivos de origen\Components</Filter>
    </ClCompile>
    <ClCompile Include="Source\Technique.cpp">
      <Filter>Archivos de origen\Technique</Filter>
    </ClCompile>
    <ClCompile Include="Source\StaticMeshTechnique.cpp">
      <Filter>Archivos de origen\Technique</Filter>
    </ClCompile>
    <ClCompile Include="Source\LinesTechnique.cpp">
      <Filter>Archivos de origen\Technique</Filter>
    </ClCompile>
    <ClCompile Include="Source\SkeletonDebug.cpp">
      <Filter>Archivos de origen\Components</Filter>
    </ClCompile>
    <ClCompile Include="Source\AABBDebug.cpp">
      <Filter>Archivos de origen\Components</Filter>
    </ClCompile>
    <ClCompile Include="Source\FrustumDebug.cpp">
      <Filter>Archivos de origen\Components</Filter>
    </ClCompile>
    <ClCompile Include="Source\AnimationTechnique.cpp">
      <Filter>Archivos de origen\Technique</Filter>
    </ClCompile>
    <ClCompile Include="Source\OneRef.cpp">
      <Filter>Archivos de origen\Script</Filter>
    </ClCompile>
    <ClCompile Include="Source\dr_graphics_application.cpp">
      <Filter>Archivos de origen\Application</Filter>
    </ClCompile>
    <ClCompile Include="Source\dr_graphics_test.cpp">
      <Filter>Archivos de origen</Filter>
    </ClCompile>
    <ClCompile Include="Source\SpiderBehavior.cpp">
      <Filter>Archivos de origen\Components</Filter>
    </ClCompile>
    <ClCompile Include="Source\SpiderAI.cpp">
      <Filter>Archivos de origen\Components</Filter>
    </ClCompile>
    <ClCompile Include="Source\SpiderPlayer.cpp">
      <Filter>Archivos de origen\Components</Filter>
    </ClCompile>
    <ClCompile Include="Source\PathHolder.cpp">
      <Filter>Archivos de origen\Application</Filter>
    </ClCompile>
    <ClCompile Include="Source\PathRenderer.cpp">
      <Filter>Archivos de origen\Application</Filter>
    </ClCompile>
    <ClCompile Include="Source\Spawner.cpp">
      <Filter>Archivos de origen\Application</Filter>
    </ClCompile>
  </ItemGroup>
</Project>