<?xml version="1.0" encoding="utf-8"?>
<Project ToolsVersion="4.0" xmlns="http://schemas.microsoft.com/developer/msbuild/2003">
  <ItemGroup>
    <Filter Include="Source Files">
      <UniqueIdentifier>{4FC737F1-C7A5-4376-A066-2A32D752A2FF}</UniqueIdentifier>
      <Extensions>cpp;c;cc;cxx;def;odl;idl;hpj;bat;asm;asmx</Extensions>
    </Filter>
    <Filter Include="Header Files">
      <UniqueIdentifier>{93995380-89BD-4b04-88EB-625FBE52EBFB}</UniqueIdentifier>
      <Extensions>h;hh;hpp;hxx;hm;inl;inc;xsd</Extensions>
    </Filter>
    <Filter Include="Resource Files">
      <UniqueIdentifier>{67DA6AB6-F800-4c08-8B7A-83BB121AAD01}</UniqueIdentifier>
      <Extensions>rc;ico;cur;bmp;dlg;rc2;rct;bin;rgs;gif;jpg;jpeg;jpe;resx;tiff;tif;png;wav;mfcribbon-ms</Extensions>
    </Filter>
  </ItemGroup>
  <ItemGroup>
    <ClInclude Include="Include\dr_parser.h">
      <Filter>Header Files</Filter>
    </ClInclude>
    <ClInclude Include="Include\dr_logger.h">
      <Filter>Header Files</Filter>
    </ClInclude>
    <ClInclude Include="Include\dr_module.h">
      <Filter>Header Files</Filter>
    </ClInclude>
    <ClInclude Include="Include\dr_graph.h">
      <Filter>Header Files</Filter>
    </ClInclude>
    <ClInclude Include="Include\dr_node.h">
      <Filter>Header Files</Filter>
    </ClInclude>
    <ClInclude Include="Include\dr_transform.h">
      <Filter>Header Files</Filter>
    </ClInclude>
    <ClInclude Include="Include\dr_model.h">
      <Filter>Header Files</Filter>
    </ClInclude>
    <ClInclude Include="Include\dr_resource.h">
      <Filter>Header Files</Filter>
    </ClInclude>
    <ClInclude Include="Include\dr_mesh.h">
      <Filter>Header Files</Filter>
    </ClInclude>
    <ClInclude Include="Include\dr_core_prerequisites.h">
      <Filter>Header Files</Filter>
    </ClInclude>
    <ClInclude Include="Include\dr_loader.h">
      <Filter>Header Files</Filter>
    </ClInclude>
    <ClInclude Include="Include\dr_convexHull.h">
      <Filter>Header Files</Filter>
    </ClInclude>
    <ClInclude Include="Include\dr_mesh_info.h">
      <Filter>Header Files</Filter>
    </ClInclude>
    <ClInclude Include="Include\dr_model_info.h">
      <Filter>Header Files</Filter>
    </ClInclude>
    <ClInclude Include="Include\dr_vertex.h">
      <Filter>Header Files</Filter>
    </ClInclude>
    <ClInclude Include="Include\dr_md5.h">
      <Filter>Header Files</Filter>
    </ClInclude>
    <ClInclude Include="Include\dr_skeleton.h">
      <Filter>Header Files</Filter>
    </ClInclude>
    <ClInclude Include="Include\dr_camera.h">
      <Filter>Header Files</Filter>
    </ClInclude>
    <ClInclude Include="Include\dr_camera_manager.h">
      <Filter>Header Files</Filter>
    </ClInclude>
    <ClInclude Include="Include\dr_viewport.h">
      <Filter>Header Files</Filter>
    </ClInclude>
    <ClInclude Include="Include\dr_application.h">
      <Filter>Header Files</Filter>
    </ClInclude>
    <ClInclude Include="Include\dr_animation.h">
      <Filter>Header Files</Filter>
    </ClInclude>
    <ClInclude Include="Include\dr_animator.h">
      <Filter>Header Files</Filter>
    </ClInclude>
    <ClInclude Include="Include\dr_material.h">
      <Filter>Header Files</Filter>
    </ClInclude>
    <ClInclude Include="Include\dr_root_node.h">
      <Filter>Header Files</Filter>
    </ClInclude>
    <ClInclude Include="Include\dr_gameObject.h">
      <Filter>Header Files</Filter>
    </ClInclude>
    <ClInclude Include="Include\dr_gameComponent.h">
      <Filter>Header Files</Filter>
    </ClInclude>
    <ClInclude Include="Include\dr_sound_core.h">
      <Filter>Header Files</Filter>
    </ClInclude>
    <ClInclude Include="Include\dr_sound_info.h">
      <Filter>Header Files</Filter>
    </ClInclude>
  </ItemGroup>
  <ItemGroup>
    <ClCompile Include="Source\dr_parser.cpp">
      <Filter>Source Files</Filter>
    </ClCompile>
    <ClCompile Include="Source\dr_logger.cpp">
      <Filter>Source Files</Filter>
    </ClCompile>
    <ClCompile Include="Source\dr_graph.cpp">
      <Filter>Source Files</Filter>
    </ClCompile>
    <ClCompile Include="Source\dr_node.cpp">
      <Filter>Source Files</Filter>
    </ClCompile>
    <ClCompile Include="Source\dr_transform.cpp">
      <Filter>Source Files</Filter>
    </ClCompile>
    <ClCompile Include="Source\dr_resource.cpp">
      <Filter>Source Files</Filter>
    </ClCompile>
    <ClCompile Include="Source\dr_convexHull.cpp">
      <Filter>Source Files</Filter>
    </ClCompile>
    <ClCompile Include="Source\dr_loader.cpp">
      <Filter>Source Files</Filter>
    </ClCompile>
    <ClCompile Include="Source\dr_model.cpp">
      <Filter>Source Files</Filter>
    </ClCompile>
    <ClCompile Include="Source\dr_md5.cpp">
      <Filter>Source Files</Filter>
    </ClCompile>
    <ClCompile Include="Source\dr_skeleton.cpp">
      <Filter>Source Files</Filter>
    </ClCompile>
    <ClCompile Include="Source\dr_camera.cpp">
      <Filter>Source Files</Filter>
    </ClCompile>
    <ClCompile Include="Source\dr_camera_manager.cpp">
      <Filter>Source Files</Filter>
    </ClCompile>
    <ClCompile Include="Source\dr_application.cpp">
      <Filter>Source Files</Filter>
    </ClCompile>
    <ClCompile Include="Include\dr_animation.cpp">
      <Filter>Source Files</Filter>
    </ClCompile>
    <ClCompile Include="Include\dr_animator.cpp">
      <Filter>Source Files</Filter>
    </ClCompile>
    <ClCompile Include="Include\dr_root_node.cpp">
      <Filter>Source Files</Filter>
    </ClCompile>
    <ClCompile Include="Source\dr_sound_core.cpp">
      <Filter>Source Files</Filter>
    </ClCompile>
  </ItemGroup>
</Project>