<?xml version="1.0" encoding="utf-8"?>
<Project ToolsVersion="4.0" xmlns="http://schemas.microsoft.com/developer/msbuild/2003">
  <ItemGroup>
    <ClCompile Include="Source\dr_animator_inputs.cpp" />
    <ClCompile Include="Source\dr_box_collider_inputs.cpp" />
    <ClCompile Include="Source\dr_camera_inputs.cpp" />
    <ClCompile Include="Source\dr_editor.cpp" />
    <ClCompile Include="Source\dr_input_editor.cpp" />
    <ClCompile Include="Source\dr_light_inputs.cpp" />
    <ClCompile Include="Source\dr_main.cpp" />
    <ClCompile Include="Source\dr_render_inputs.cpp" />
    <ClCompile Include="Source\dr_rigidbody_inputs.cpp" />
    <ClCompile Include="Source\dr_script_inputs.cpp" />
    <ClCompile Include="Source\dr_sound_inputs.cpp" />
    <ClCompile Include="Source\dr_sphere_collider_inputs.cpp" />
    <ClCompile Include="Source\imgui.cpp" />
    <ClCompile Include="Source\imguifilesystem.cpp" />
    <ClCompile Include="Source\ImGuiFileDialog.cpp" />
    <ClCompile Include="Source\imgui_demo.cpp" />
    <ClCompile Include="Source\imgui_draw.cpp" />
    <ClCompile Include="Source\imgui_impl_dx11.cpp" />
    <ClCompile Include="Source\imgui_impl_win32.cpp" />
    <ClCompile Include="Source\imgui_stdlib.cpp" />
    <ClCompile Include="Source\imgui_widgets.cpp" />
    <ClCompile Include="Source\dr_aabb_inputs.cpp" />
  </ItemGroup>
  <ItemGroup>
    <ClInclude Include="Include\dirent_portable.h" />
    <ClInclude Include="Include\dr_animator_inputs.h" />
    <ClInclude Include="Include\dr_box_collider_inputs.h" />
    <ClInclude Include="Include\dr_camera_inputs.h" />
    <ClInclude Include="Include\dr_editor.h" />
    <ClInclude Include="Include\dr_input_editor.h" />
    <ClInclude Include="Include\dr_light_inputs.h" />
    <ClInclude Include="Include\dr_render_inputs.h" />
    <ClInclude Include="Include\dr_rigidbody_inputs.h" />
    <ClInclude Include="Include\dr_script_inputs.h" />
    <ClInclude Include="Include\dr_sound_inputs.h" />
    <ClInclude Include="Include\dr_sphere_collider_inputs.h" />
    <ClInclude Include="Include\imconfig.h" />
    <ClInclude Include="Include\imgui.h" />
    <ClInclude Include="Include\imguifilesystem.h" />
    <ClInclude Include="Include\ImGuiFileDialog.h" />
    <ClInclude Include="Include\imgui_impl_dx11.h" />
    <ClInclude Include="Include\imgui_impl_win32.h" />
    <ClInclude Include="Include\imgui_internal.h" />
    <ClInclude Include="Include\imgui_stdlib.h" />
    <ClInclude Include="Include\imstb_rectpack.h" />
    <ClInclude Include="Include\imstb_textedit.h" />
    <ClInclude Include="Include\imstb_truetype.h" />
    <ClInclude Include="Include\dr_aabb_inputs.h" />
  </ItemGroup>
</Project>