<?xml version="1.0" encoding="utf-8"?>
<Project ToolsVersion="4.0" xmlns="http://schemas.microsoft.com/developer/msbuild/2003">
  <ItemGroup>
    <Filter Include="Archivos de código fuente">
      <UniqueIdentifier>{4FC737F1-C7A5-4376-A066-2A32D752A2FF}</UniqueIdentifier>
      <Extensions>cpp;c;cc;cxx;def;odl;idl;hpj;bat;asm;asmx</Extensions>
    </Filter>
    <Filter Include="Archivos de encabezado">
      <UniqueIdentifier>{93995380-89BD-4b04-88EB-625FBE52EBFB}</UniqueIdentifier>
      <Extensions>h;hh;hpp;hxx;hm;inl;inc;xsd</Extensions>
    </Filter>
    <Filter Include="Archivos de recursos">
      <UniqueIdentifier>{67DA6AB6-F800-4c08-8B7A-83BB121AAD01}</UniqueIdentifier>
      <Extensions>rc;ico;cur;bmp;dlg;rc2;rct;bin;rgs;gif;jpg;jpeg;jpe;resx;tiff;tif;png;wav;mfcribbon-ms</Extensions>
    </Filter>
    <Filter Include="Archivos de encabezado\Passes">
      <UniqueIdentifier>{7cc3b4fd-d59c-448a-a6a0-89d5f3494d17}</UniqueIdentifier>
    </Filter>
    <Filter Include="Archivos de código fuente\Passes">
      <UniqueIdentifier>{5cb5efb3-29d0-46d6-81b1-ac64f0516519}</UniqueIdentifier>
    </Filter>
  </ItemGroup>
  <ItemGroup>
    <ClInclude Include="Include\dr_renderman_prerequisites.h">
      <Filter>Archivos de encabezado</Filter>
    </ClInclude>
    <ClInclude Include="Include\dr_rendermanapp.h">
      <Filter>Archivos de encabezado</Filter>
    </ClInclude>
    <ClInclude Include="Include\dr_renderpass.h">
      <Filter>Archivos de encabezado</Filter>
    </ClInclude>
    <ClInclude Include="Include\dr_renderman.h">
      <Filter>Archivos de encabezado</Filter>
    </ClInclude>
    <ClInclude Include="Include\dr_GBuffer1.h">
      <Filter>Archivos de encabezado\Passes</Filter>
    </ClInclude>
    <ClInclude Include="Include\dr_GBuffer2.h">
      <Filter>Archivos de encabezado\Passes</Filter>
    </ClInclude>
    <ClInclude Include="Include\dr_PostProcessing.h">
      <Filter>Archivos de encabezado\Passes</Filter>
    </ClInclude>
  </ItemGroup>
  <ItemGroup>
    <ClCompile Include="Source\dr_rendermanapp.cpp">
      <Filter>Archivos de código fuente</Filter>
    </ClCompile>
    <ClCompile Include="Source\dr_renderpass.cpp">
      <Filter>Archivos de código fuente</Filter>
    </ClCompile>
    <ClCompile Include="Source\dr_renderman.cpp">
      <Filter>Archivos de código fuente</Filter>
    </ClCompile>
    <ClCompile Include="Source\dr_GBuffer1.cpp">
      <Filter>Archivos de código fuente\Passes</Filter>
    </ClCompile>
    <ClCompile Include="Source\dr_GBuffer2.cpp">
      <Filter>Archivos de código fuente\Passes</Filter>
    </ClCompile>
    <ClCompile Include="Source\dr_PostProcessing.cpp">
      <Filter>Archivos de código fuente\Passes</Filter>
    </ClCompile>
  </ItemGroup>
</Project>